
Microsoft Visual Studio Solution File, Format Version 12.00
# Visual Studio Version 17
VisualStudioVersion = 17.5.33516.290
MinimumVisualStudioVersion = 10.0.40219.1
Project("{9A19103F-16F7-4668-BE54-9A1E7A4F7556}") = "VictorKrogh.NET.Data", "VictorKrogh.NET.Data\VictorKrogh.NET.Data.csproj", "{754106FF-8247-45E5-97BD-8DE4BE2DC06B}"
EndProject
Project("{9A19103F-16F7-4668-BE54-9A1E7A4F7556}") = "VictorKrogh.NET.Data.Database", "VictorKrogh.NET.Data.Database\VictorKrogh.NET.Data.Database.csproj", "{9700CA22-64D6-4BA5-B36C-D59BEA10E377}"
EndProject
Project("{9A19103F-16F7-4668-BE54-9A1E7A4F7556}") = "VictorKrogh.NET.Data.Database.Dapper", "VictorKrogh.NET.Data.Database.Dapper\VictorKrogh.NET.Data.Database.Dapper.csproj", "{FAF1D6DD-CF3B-4894-969B-E8C983EE50B8}"
EndProject
Project("{9A19103F-16F7-4668-BE54-9A1E7A4F7556}") = "VictorKrogh.NET.Data.UnitTest", "VictorKrogh.NET.Data.UnitTest\VictorKrogh.NET.Data.UnitTest.csproj", "{355C9163-4150-418A-9608-114F9B058EA1}"
EndProject
Project("{9A19103F-16F7-4668-BE54-9A1E7A4F7556}") = "VictorKrogh.NET.Extensions.ServiceCollection", "VictorKrogh.NET.Extensions.ServiceCollection\VictorKrogh.NET.Extensions.ServiceCollection.csproj", "{7240D2FC-610C-45CC-9630-F4B822249470}"
EndProject
Project("{FAE04EC0-301F-11D3-BF4B-00C04F79EFBC}") = "VictorKrogh.NET.Data.Extensions.Autofac", "VictorKrogh.NET.Data.Extensions.Autofac\VictorKrogh.NET.Data.Extensions.Autofac.csproj", "{2CE0EA53-14D4-4BAC-8275-20DA65A40892}"
EndProject
Global
	GlobalSection(SolutionConfigurationPlatforms) = preSolution
		Debug|Any CPU = Debug|Any CPU
		Release|Any CPU = Release|Any CPU
	EndGlobalSection
	GlobalSection(ProjectConfigurationPlatforms) = postSolution
		{754106FF-8247-45E5-97BD-8DE4BE2DC06B}.Debug|Any CPU.ActiveCfg = Debug|Any CPU
		{754106FF-8247-45E5-97BD-8DE4BE2DC06B}.Debug|Any CPU.Build.0 = Debug|Any CPU
		{754106FF-8247-45E5-97BD-8DE4BE2DC06B}.Release|Any CPU.ActiveCfg = Release|Any CPU
		{754106FF-8247-45E5-97BD-8DE4BE2DC06B}.Release|Any CPU.Build.0 = Release|Any CPU
		{9700CA22-64D6-4BA5-B36C-D59BEA10E377}.Debug|Any CPU.ActiveCfg = Debug|Any CPU
		{9700CA22-64D6-4BA5-B36C-D59BEA10E377}.Debug|Any CPU.Build.0 = Debug|Any CPU
		{9700CA22-64D6-4BA5-B36C-D59BEA10E377}.Release|Any CPU.ActiveCfg = Release|Any CPU
		{9700CA22-64D6-4BA5-B36C-D59BEA10E377}.Release|Any CPU.Build.0 = Release|Any CPU
		{FAF1D6DD-CF3B-4894-969B-E8C983EE50B8}.Debug|Any CPU.ActiveCfg = Debug|Any CPU
		{FAF1D6DD-CF3B-4894-969B-E8C983EE50B8}.Debug|Any CPU.Build.0 = Debug|Any CPU
		{FAF1D6DD-CF3B-4894-969B-E8C983EE50B8}.Release|Any CPU.ActiveCfg = Release|Any CPU
		{FAF1D6DD-CF3B-4894-969B-E8C983EE50B8}.Release|Any CPU.Build.0 = Release|Any CPU
		{355C9163-4150-418A-9608-114F9B058EA1}.Debug|Any CPU.ActiveCfg = Debug|Any CPU
		{355C9163-4150-418A-9608-114F9B058EA1}.Debug|Any CPU.Build.0 = Debug|Any CPU
		{355C9163-4150-418A-9608-114F9B058EA1}.Release|Any CPU.ActiveCfg = Release|Any CPU
		{355C9163-4150-418A-9608-114F9B058EA1}.Release|Any CPU.Build.0 = Release|Any CPU
		{7240D2FC-610C-45CC-9630-F4B822249470}.Debug|Any CPU.ActiveCfg = Debug|Any CPU
		{7240D2FC-610C-45CC-9630-F4B822249470}.Debug|Any CPU.Build.0 = Debug|Any CPU
		{7240D2FC-610C-45CC-9630-F4B822249470}.Release|Any CPU.ActiveCfg = Release|Any CPU
		{7240D2FC-610C-45CC-9630-F4B822249470}.Release|Any CPU.Build.0 = Release|Any CPU
		{2CE0EA53-14D4-4BAC-8275-20DA65A40892}.Debug|Any CPU.ActiveCfg = Debug|Any CPU
		{2CE0EA53-14D4-4BAC-8275-20DA65A40892}.Debug|Any CPU.Build.0 = Debug|Any CPU
		{2CE0EA53-14D4-4BAC-8275-20DA65A40892}.Release|Any CPU.ActiveCfg = Release|Any CPU
		{2CE0EA53-14D4-4BAC-8275-20DA65A40892}.Release|Any CPU.Build.0 = Release|Any CPU
	EndGlobalSection
	GlobalSection(SolutionProperties) = preSolution
		HideSolutionNode = FALSE
	EndGlobalSection
	GlobalSection(ExtensibilityGlobals) = postSolution
		SolutionGuid = {540F14F8-F29D-4009-B920-678F056EDFAF}
	EndGlobalSection
EndGlobal
